
Microsoft Visual Studio Solution File, Format Version 12.00
# Visual Studio Version 16
VisualStudioVersion = 16.0.29728.190
MinimumVisualStudioVersion = 10.0.40219.1
Project("{888888A0-9F3D-457C-B088-3A5042F75D52}") = "Project-GGR", "Project-GGR.pyproj", "{8FDC976D-7A26-4768-9388-0EAE10298105}"
EndProject
Global
	GlobalSection(SolutionConfigurationPlatforms) = preSolution
		Debug|Any CPU = Debug|Any CPU
		Release|Any CPU = Release|Any CPU
	EndGlobalSection
	GlobalSection(ProjectConfigurationPlatforms) = postSolution
		{8FDC976D-7A26-4768-9388-0EAE10298105}.Debug|Any CPU.ActiveCfg = Debug|Any CPU
		{8FDC976D-7A26-4768-9388-0EAE10298105}.Release|Any CPU.ActiveCfg = Release|Any CPU
	EndGlobalSection
	GlobalSection(SolutionProperties) = preSolution
		HideSolutionNode = FALSE
	EndGlobalSection
	GlobalSection(ExtensibilityGlobals) = postSolution
		SolutionGuid = {5D0FA8DA-2F0F-4F02-9A66-3C9E88906136}
	EndGlobalSection
EndGlobal
